
Microsoft Visual Studio Solution File, Format Version 12.00
# Visual Studio Version 16
VisualStudioVersion = 16.0.31613.86
MinimumVisualStudioVersion = 10.0.40219.1
Project("{FAE04EC0-301F-11D3-BF4B-00C04F79EFBC}") = "TAREA_SEMANA_04", "TAREA_SEMANA_04\TAREA_SEMANA_04.csproj", "{4A6990C9-C43E-4D32-839C-14FC5ACADF12}"
EndProject
Global
	GlobalSection(SolutionConfigurationPlatforms) = preSolution
		Debug|Any CPU = Debug|Any CPU
		Release|Any CPU = Release|Any CPU
	EndGlobalSection
	GlobalSection(ProjectConfigurationPlatforms) = postSolution
		{4A6990C9-C43E-4D32-839C-14FC5ACADF12}.Debug|Any CPU.ActiveCfg = Debug|Any CPU
		{4A6990C9-C43E-4D32-839C-14FC5ACADF12}.Debug|Any CPU.Build.0 = Debug|Any CPU
		{4A6990C9-C43E-4D32-839C-14FC5ACADF12}.Release|Any CPU.ActiveCfg = Release|Any CPU
		{4A6990C9-C43E-4D32-839C-14FC5ACADF12}.Release|Any CPU.Build.0 = Release|Any CPU
	EndGlobalSection
	GlobalSection(SolutionProperties) = preSolution
		HideSolutionNode = FALSE
	EndGlobalSection
	GlobalSection(ExtensibilityGlobals) = postSolution
		SolutionGuid = {8E78ED0B-7F59-412E-976A-6CDC8A080328}
	EndGlobalSection
EndGlobal
